
Microsoft Visual Studio Solution File, Format Version 12.00
# Visual Studio Version 17
VisualStudioVersion = 17.8.34525.116
MinimumVisualStudioVersion = 10.0.40219.1
Project("{FAE04EC0-301F-11D3-BF4B-00C04F79EFBC}") = "H.EntidadesNegocioEN", "H.EntidadesNegocio\H.EntidadesNegocioEN.csproj", "{3DC2AABA-0EFF-46A4-B492-D15F9E937FC2}"
EndProject
Project("{FAE04EC0-301F-11D3-BF4B-00C04F79EFBC}") = "H.LogicaNegocioBL", "H.LogicaNegocio\H.LogicaNegocioBL.csproj", "{CEB28CCA-15C5-4E5E-80EC-8FC0662FDAF8}"
EndProject
Project("{FAE04EC0-301F-11D3-BF4B-00C04F79EFBC}") = "H.AccesoDatosDAL", "H.AccesoDatosDAL\H.AccesoDatosDAL.csproj", "{39FED685-0CE9-42D1-A050-61C42474F015}"
EndProject
Project("{FAE04EC0-301F-11D3-BF4B-00C04F79EFBC}") = "H.UI.AppWebMVC", "H.UI.AppWebMVC\H.UI.AppWebMVC.csproj", "{199CBF0B-A017-4F0F-89AC-08171BB1D9B0}"
EndProject
Global
	GlobalSection(SolutionConfigurationPlatforms) = preSolution
		Debug|Any CPU = Debug|Any CPU
		Release|Any CPU = Release|Any CPU
	EndGlobalSection
	GlobalSection(ProjectConfigurationPlatforms) = postSolution
		{3DC2AABA-0EFF-46A4-B492-D15F9E937FC2}.Debug|Any CPU.ActiveCfg = Debug|Any CPU
		{3DC2AABA-0EFF-46A4-B492-D15F9E937FC2}.Debug|Any CPU.Build.0 = Debug|Any CPU
		{3DC2AABA-0EFF-46A4-B492-D15F9E937FC2}.Release|Any CPU.ActiveCfg = Release|Any CPU
		{3DC2AABA-0EFF-46A4-B492-D15F9E937FC2}.Release|Any CPU.Build.0 = Release|Any CPU
		{CEB28CCA-15C5-4E5E-80EC-8FC0662FDAF8}.Debug|Any CPU.ActiveCfg = Debug|Any CPU
		{CEB28CCA-15C5-4E5E-80EC-8FC0662FDAF8}.Debug|Any CPU.Build.0 = Debug|Any CPU
		{CEB28CCA-15C5-4E5E-80EC-8FC0662FDAF8}.Release|Any CPU.ActiveCfg = Release|Any CPU
		{CEB28CCA-15C5-4E5E-80EC-8FC0662FDAF8}.Release|Any CPU.Build.0 = Release|Any CPU
		{39FED685-0CE9-42D1-A050-61C42474F015}.Debug|Any CPU.ActiveCfg = Debug|Any CPU
		{39FED685-0CE9-42D1-A050-61C42474F015}.Debug|Any CPU.Build.0 = Debug|Any CPU
		{39FED685-0CE9-42D1-A050-61C42474F015}.Release|Any CPU.ActiveCfg = Release|Any CPU
		{39FED685-0CE9-42D1-A050-61C42474F015}.Release|Any CPU.Build.0 = Release|Any CPU
		{199CBF0B-A017-4F0F-89AC-08171BB1D9B0}.Debug|Any CPU.ActiveCfg = Debug|Any CPU
		{199CBF0B-A017-4F0F-89AC-08171BB1D9B0}.Debug|Any CPU.Build.0 = Debug|Any CPU
		{199CBF0B-A017-4F0F-89AC-08171BB1D9B0}.Release|Any CPU.ActiveCfg = Release|Any CPU
		{199CBF0B-A017-4F0F-89AC-08171BB1D9B0}.Release|Any CPU.Build.0 = Release|Any CPU
	EndGlobalSection
	GlobalSection(SolutionProperties) = preSolution
		HideSolutionNode = FALSE
	EndGlobalSection
	GlobalSection(ExtensibilityGlobals) = postSolution
		SolutionGuid = {E51E2030-302F-4247-A19A-839C45651EBB}
	EndGlobalSection
EndGlobal
